// !$*UTF8*$!
{
	archiveVersion = 1;
	classes = {
	};
	objectVersion = 54;
	objects = {

/* Begin PBXBuildFile section */
		7BB54BAC83B98B674A2DE098 /* Pods_Uconnection_Homework.framework in Frameworks */ = {isa = PBXBuildFile; fileRef = C8E5D1C4D2B1B4933E1C6F9F /* Pods_Uconnection_Homework.framework */; };
		DB37BB6D27302BAB00A037DC /* AssociatableObjectProtocol.swift in Sources */ = {isa = PBXBuildFile; fileRef = DB37BB6B27302BAB00A037DC /* AssociatableObjectProtocol.swift */; };
		DB37BB6E27302BAB00A037DC /* NSObject.swift in Sources */ = {isa = PBXBuildFile; fileRef = DB37BB6C27302BAB00A037DC /* NSObject.swift */; };
		DB37BB7027302BB300A037DC /* UserService.swift in Sources */ = {isa = PBXBuildFile; fileRef = DB37BB6F27302BB300A037DC /* UserService.swift */; };
		DB37BB7227302BBD00A037DC /* User.swift in Sources */ = {isa = PBXBuildFile; fileRef = DB37BB7127302BBD00A037DC /* User.swift */; };
		DB6FDAF5272EE353001CDCF5 /* AppDelegate.swift in Sources */ = {isa = PBXBuildFile; fileRef = DB6FDAF4272EE353001CDCF5 /* AppDelegate.swift */; };
		DB6FDAF7272EE353001CDCF5 /* SceneDelegate.swift in Sources */ = {isa = PBXBuildFile; fileRef = DB6FDAF6272EE353001CDCF5 /* SceneDelegate.swift */; };
		DB6FDAFE272EE35B001CDCF5 /* Assets.xcassets in Resources */ = {isa = PBXBuildFile; fileRef = DB6FDAFD272EE35B001CDCF5 /* Assets.xcassets */; };
		DB6FDB01272EE35B001CDCF5 /* LaunchScreen.storyboard in Resources */ = {isa = PBXBuildFile; fileRef = DB6FDAFF272EE35B001CDCF5 /* LaunchScreen.storyboard */; };
		DB6FDB0D272EE3CE001CDCF5 /* User.storyboard in Resources */ = {isa = PBXBuildFile; fileRef = DB6FDB0C272EE3CE001CDCF5 /* User.storyboard */; };
		DB6FDB0F272EE3DF001CDCF5 /* UserViewController.swift in Sources */ = {isa = PBXBuildFile; fileRef = DB6FDB0E272EE3DF001CDCF5 /* UserViewController.swift */; };
		DB6FDB11272EE3FF001CDCF5 /* UserTableViewCell.swift in Sources */ = {isa = PBXBuildFile; fileRef = DB6FDB10272EE3FF001CDCF5 /* UserTableViewCell.swift */; };
/* End PBXBuildFile section */

/* Begin PBXFileReference section */
		5CD138F55D43754605E89EE7 /* Pods-Uconnection_Homework.debug.xcconfig */ = {isa = PBXFileReference; includeInIndex = 1; lastKnownFileType = text.xcconfig; name = "Pods-Uconnection_Homework.debug.xcconfig"; path = "Target Support Files/Pods-Uconnection_Homework/Pods-Uconnection_Homework.debug.xcconfig"; sourceTree = "<group>"; };
		BB5C83E61FE69CFEA5721B63 /* Pods-Uconnection_Homework.release.xcconfig */ = {isa = PBXFileReference; includeInIndex = 1; lastKnownFileType = text.xcconfig; name = "Pods-Uconnection_Homework.release.xcconfig"; path = "Target Support Files/Pods-Uconnection_Homework/Pods-Uconnection_Homework.release.xcconfig"; sourceTree = "<group>"; };
		C8E5D1C4D2B1B4933E1C6F9F /* Pods_Uconnection_Homework.framework */ = {isa = PBXFileReference; explicitFileType = wrapper.framework; includeInIndex = 0; path = Pods_Uconnection_Homework.framework; sourceTree = BUILT_PRODUCTS_DIR; };
		DB37BB6B27302BAB00A037DC /* AssociatableObjectProtocol.swift */ = {isa = PBXFileReference; fileEncoding = 4; lastKnownFileType = sourcecode.swift; path = AssociatableObjectProtocol.swift; sourceTree = "<group>"; };
		DB37BB6C27302BAB00A037DC /* NSObject.swift */ = {isa = PBXFileReference; fileEncoding = 4; lastKnownFileType = sourcecode.swift; path = NSObject.swift; sourceTree = "<group>"; };
		DB37BB6F27302BB300A037DC /* UserService.swift */ = {isa = PBXFileReference; fileEncoding = 4; lastKnownFileType = sourcecode.swift; path = UserService.swift; sourceTree = "<group>"; };
		DB37BB7127302BBD00A037DC /* User.swift */ = {isa = PBXFileReference; fileEncoding = 4; lastKnownFileType = sourcecode.swift; path = User.swift; sourceTree = "<group>"; };
		DB6FDAF1272EE353001CDCF5 /* Uconnection_Homework.app */ = {isa = PBXFileReference; explicitFileType = wrapper.application; includeInIndex = 0; path = Uconnection_Homework.app; sourceTree = BUILT_PRODUCTS_DIR; };
		DB6FDAF4272EE353001CDCF5 /* AppDelegate.swift */ = {isa = PBXFileReference; lastKnownFileType = sourcecode.swift; path = AppDelegate.swift; sourceTree = "<group>"; };
		DB6FDAF6272EE353001CDCF5 /* SceneDelegate.swift */ = {isa = PBXFileReference; lastKnownFileType = sourcecode.swift; path = SceneDelegate.swift; sourceTree = "<group>"; };
		DB6FDAFD272EE35B001CDCF5 /* Assets.xcassets */ = {isa = PBXFileReference; lastKnownFileType = folder.assetcatalog; path = Assets.xcassets; sourceTree = "<group>"; };
		DB6FDB00272EE35B001CDCF5 /* Base */ = {isa = PBXFileReference; lastKnownFileType = file.storyboard; name = Base; path = Base.lproj/LaunchScreen.storyboard; sourceTree = "<group>"; };
		DB6FDB02272EE35B001CDCF5 /* Info.plist */ = {isa = PBXFileReference; lastKnownFileType = text.plist.xml; path = Info.plist; sourceTree = "<group>"; };
		DB6FDB0C272EE3CE001CDCF5 /* User.storyboard */ = {isa = PBXFileReference; lastKnownFileType = file.storyboard; path = User.storyboard; sourceTree = "<group>"; };
		DB6FDB0E272EE3DF001CDCF5 /* UserViewController.swift */ = {isa = PBXFileReference; lastKnownFileType = sourcecode.swift; path = UserViewController.swift; sourceTree = "<group>"; };
		DB6FDB10272EE3FF001CDCF5 /* UserTableViewCell.swift */ = {isa = PBXFileReference; lastKnownFileType = sourcecode.swift; path = UserTableViewCell.swift; sourceTree = "<group>"; };
/* End PBXFileReference section */

/* Begin PBXFrameworksBuildPhase section */
		DB6FDAEE272EE353001CDCF5 /* Frameworks */ = {
			isa = PBXFrameworksBuildPhase;
			buildActionMask = 2147483647;
			files = (
				7BB54BAC83B98B674A2DE098 /* Pods_Uconnection_Homework.framework in Frameworks */,
			);
			runOnlyForDeploymentPostprocessing = 0;
		};
/* End PBXFrameworksBuildPhase section */

/* Begin PBXGroup section */
		7B5A3370606F1D004576660E /* Frameworks */ = {
			isa = PBXGroup;
			children = (
				C8E5D1C4D2B1B4933E1C6F9F /* Pods_Uconnection_Homework.framework */,
			);
			name = Frameworks;
			sourceTree = "<group>";
		};
		BAF82E926B18310B1AEF910D /* Pods */ = {
			isa = PBXGroup;
			children = (
				5CD138F55D43754605E89EE7 /* Pods-Uconnection_Homework.debug.xcconfig */,
				BB5C83E61FE69CFEA5721B63 /* Pods-Uconnection_Homework.release.xcconfig */,
			);
			path = Pods;
			sourceTree = "<group>";
		};
		DB37BB6827302B7C00A037DC /* Model */ = {
			isa = PBXGroup;
			children = (
				DB37BB7127302BBD00A037DC /* User.swift */,
			);
			path = Model;
			sourceTree = "<group>";
		};
		DB37BB6927302B8100A037DC /* Extension */ = {
			isa = PBXGroup;
			children = (
				DB37BB6B27302BAB00A037DC /* AssociatableObjectProtocol.swift */,
				DB37BB6C27302BAB00A037DC /* NSObject.swift */,
			);
			path = Extension;
			sourceTree = "<group>";
		};
		DB37BB6A27302B8F00A037DC /* Service */ = {
			isa = PBXGroup;
			children = (
				DB37BB6F27302BB300A037DC /* UserService.swift */,
			);
			path = Service;
			sourceTree = "<group>";
		};
		DB6FDAE8272EE353001CDCF5 = {
			isa = PBXGroup;
			children = (
				DB6FDAF3272EE353001CDCF5 /* Uconnection_Homework */,
				DB6FDAF2272EE353001CDCF5 /* Products */,
				BAF82E926B18310B1AEF910D /* Pods */,
				7B5A3370606F1D004576660E /* Frameworks */,
			);
			sourceTree = "<group>";
		};
		DB6FDAF2272EE353001CDCF5 /* Products */ = {
			isa = PBXGroup;
			children = (
				DB6FDAF1272EE353001CDCF5 /* Uconnection_Homework.app */,
			);
			name = Products;
			sourceTree = "<group>";
		};
		DB6FDAF3272EE353001CDCF5 /* Uconnection_Homework */ = {
			isa = PBXGroup;
			children = (
				DB37BB6A27302B8F00A037DC /* Service */,
				DB37BB6927302B8100A037DC /* Extension */,
				DB37BB6827302B7C00A037DC /* Model */,
				DB6FDB0A272EE39B001CDCF5 /* Scene */,
				DB6FDB09272EE38D001CDCF5 /* Launch */,
				DB6FDB08272EE36C001CDCF5 /* Resource */,
				DB6FDB02272EE35B001CDCF5 /* Info.plist */,
			);
			path = Uconnection_Homework;
			sourceTree = "<group>";
		};
		DB6FDB08272EE36C001CDCF5 /* Resource */ = {
			isa = PBXGroup;
			children = (
				DB6FDAF4272EE353001CDCF5 /* AppDelegate.swift */,
				DB6FDAF6272EE353001CDCF5 /* SceneDelegate.swift */,
				DB6FDAFD272EE35B001CDCF5 /* Assets.xcassets */,
			);
			path = Resource;
			sourceTree = "<group>";
		};
		DB6FDB09272EE38D001CDCF5 /* Launch */ = {
			isa = PBXGroup;
			children = (
				DB6FDAFF272EE35B001CDCF5 /* LaunchScreen.storyboard */,
			);
			path = Launch;
			sourceTree = "<group>";
		};
		DB6FDB0A272EE39B001CDCF5 /* Scene */ = {
			isa = PBXGroup;
			children = (
				DB6FDB0B272EE3C1001CDCF5 /* User */,
			);
			path = Scene;
			sourceTree = "<group>";
		};
		DB6FDB0B272EE3C1001CDCF5 /* User */ = {
			isa = PBXGroup;
			children = (
				DB6FDB0C272EE3CE001CDCF5 /* User.storyboard */,
				DB6FDB0E272EE3DF001CDCF5 /* UserViewController.swift */,
				DB6FDB10272EE3FF001CDCF5 /* UserTableViewCell.swift */,
			);
			path = User;
			sourceTree = "<group>";
		};
/* End PBXGroup section */

/* Begin PBXNativeTarget section */
		DB6FDAF0272EE353001CDCF5 /* Uconnection_Homework */ = {
			isa = PBXNativeTarget;
			buildConfigurationList = DB6FDB05272EE35B001CDCF5 /* Build configuration list for PBXNativeTarget "Uconnection_Homework" */;
			buildPhases = (
				186D8988BCD61CE57D2EBDE3 /* [CP] Check Pods Manifest.lock */,
				DB6FDAED272EE353001CDCF5 /* Sources */,
				DB6FDAEE272EE353001CDCF5 /* Frameworks */,
				DB6FDAEF272EE353001CDCF5 /* Resources */,
				DEBB3BA1634C228C6586A019 /* [CP] Embed Pods Frameworks */,
			);
			buildRules = (
			);
			dependencies = (
			);
			name = Uconnection_Homework;
			productName = Uconnection_Homework;
			productReference = DB6FDAF1272EE353001CDCF5 /* Uconnection_Homework.app */;
			productType = "com.apple.product-type.application";
		};
/* End PBXNativeTarget section */

/* Begin PBXProject section */
		DB6FDAE9272EE353001CDCF5 /* Project object */ = {
			isa = PBXProject;
			attributes = {
				BuildIndependentTargetsInParallel = 1;
				LastSwiftUpdateCheck = 1310;
				LastUpgradeCheck = 1310;
				TargetAttributes = {
					DB6FDAF0272EE353001CDCF5 = {
						CreatedOnToolsVersion = 13.1;
					};
				};
			};
			buildConfigurationList = DB6FDAEC272EE353001CDCF5 /* Build configuration list for PBXProject "Uconnection_Homework" */;
			compatibilityVersion = "Xcode 12.0";
			developmentRegion = en;
			hasScannedForEncodings = 0;
			knownRegions = (
				en,
				Base,
			);
			mainGroup = DB6FDAE8272EE353001CDCF5;
			productRefGroup = DB6FDAF2272EE353001CDCF5 /* Products */;
			projectDirPath = "";
			projectRoot = "";
			targets = (
				DB6FDAF0272EE353001CDCF5 /* Uconnection_Homework */,
			);
		};
/* End PBXProject section */

/* Begin PBXResourcesBuildPhase section */
		DB6FDAEF272EE353001CDCF5 /* Resources */ = {
			isa = PBXResourcesBuildPhase;
			buildActionMask = 2147483647;
			files = (
				DB6FDB01272EE35B001CDCF5 /* LaunchScreen.storyboard in Resources */,
				DB6FDAFE272EE35B001CDCF5 /* Assets.xcassets in Resources */,
				DB6FDB0D272EE3CE001CDCF5 /* User.storyboard in Resources */,
			);
			runOnlyForDeploymentPostprocessing = 0;
		};
/* End PBXResourcesBuildPhase section */

/* Begin PBXShellScriptBuildPhase section */
		186D8988BCD61CE57D2EBDE3 /* [CP] Check Pods Manifest.lock */ = {
			isa = PBXShellScriptBuildPhase;
			buildActionMask = 2147483647;
			files = (
			);
			inputFileListPaths = (
			);
			inputPaths = (
				"${PODS_PODFILE_DIR_PATH}/Podfile.lock",
				"${PODS_ROOT}/Manifest.lock",
			);
			name = "[CP] Check Pods Manifest.lock";
			outputFileListPaths = (
			);
			outputPaths = (
				"$(DERIVED_FILE_DIR)/Pods-Uconnection_Homework-checkManifestLockResult.txt",
			);
			runOnlyForDeploymentPostprocessing = 0;
			shellPath = /bin/sh;
			shellScript = "diff \"${PODS_PODFILE_DIR_PATH}/Podfile.lock\" \"${PODS_ROOT}/Manifest.lock\" > /dev/null\nif [ $? != 0 ] ; then\n    # print error to STDERR\n    echo \"error: The sandbox is not in sync with the Podfile.lock. Run 'pod install' or update your CocoaPods installation.\" >&2\n    exit 1\nfi\n# This output is used by Xcode 'outputs' to avoid re-running this script phase.\necho \"SUCCESS\" > \"${SCRIPT_OUTPUT_FILE_0}\"\n";
			showEnvVarsInLog = 0;
		};
		DEBB3BA1634C228C6586A019 /* [CP] Embed Pods Frameworks */ = {
			isa = PBXShellScriptBuildPhase;
			buildActionMask = 2147483647;
			files = (
			);
			inputFileListPaths = (
				"${PODS_ROOT}/Target Support Files/Pods-Uconnection_Homework/Pods-Uconnection_Homework-frameworks-${CONFIGURATION}-input-files.xcfilelist",
			);
			name = "[CP] Embed Pods Frameworks";
			outputFileListPaths = (
				"${PODS_ROOT}/Target Support Files/Pods-Uconnection_Homework/Pods-Uconnection_Homework-frameworks-${CONFIGURATION}-output-files.xcfilelist",
			);
			runOnlyForDeploymentPostprocessing = 0;
			shellPath = /bin/sh;
			shellScript = "\"${PODS_ROOT}/Target Support Files/Pods-Uconnection_Homework/Pods-Uconnection_Homework-frameworks.sh\"\n";
			showEnvVarsInLog = 0;
		};
/* End PBXShellScriptBuildPhase section */

/* Begin PBXSourcesBuildPhase section */
		DB6FDAED272EE353001CDCF5 /* Sources */ = {
			isa = PBXSourcesBuildPhase;
			buildActionMask = 2147483647;
			files = (
				DB37BB7027302BB300A037DC /* UserService.swift in Sources */,
				DB6FDB11272EE3FF001CDCF5 /* UserTableViewCell.swift in Sources */,
				DB6FDAF5272EE353001CDCF5 /* AppDelegate.swift in Sources */,
				DB6FDB0F272EE3DF001CDCF5 /* UserViewController.swift in Sources */,
				DB37BB7227302BBD00A037DC /* User.swift in Sources */,
				DB37BB6E27302BAB00A037DC /* NSObject.swift in Sources */,
				DB6FDAF7272EE353001CDCF5 /* SceneDelegate.swift in Sources */,
				DB37BB6D27302BAB00A037DC /* AssociatableObjectProtocol.swift in Sources */,
			);
			runOnlyForDeploymentPostprocessing = 0;
		};
/* End PBXSourcesBuildPhase section */

/* Begin PBXVariantGroup section */
		DB6FDAFF272EE35B001CDCF5 /* LaunchScreen.storyboard */ = {
			isa = PBXVariantGroup;
			children = (
				DB6FDB00272EE35B001CDCF5 /* Base */,
			);
			name = LaunchScreen.storyboard;
			sourceTree = "<group>";
		};
/* End PBXVariantGroup section */

/* Begin XCBuildConfiguration section */
		DB6FDB03272EE35B001CDCF5 /* Debug */ = {
			isa = XCBuildConfiguration;
			buildSettings = {
				ALWAYS_SEARCH_USER_PATHS = NO;
				CLANG_ANALYZER_NONNULL = YES;
				CLANG_ANALYZER_NUMBER_OBJECT_CONVERSION = YES_AGGRESSIVE;
				CLANG_CXX_LANGUAGE_STANDARD = "gnu++17";
				CLANG_CXX_LIBRARY = "libc++";
				CLANG_ENABLE_MODULES = YES;
				CLANG_ENABLE_OBJC_ARC = YES;
				CLANG_ENABLE_OBJC_WEAK = YES;
				CLANG_WARN_BLOCK_CAPTURE_AUTORELEASING = YES;
				CLANG_WARN_BOOL_CONVERSION = YES;
				CLANG_WARN_COMMA = YES;
				CLANG_WARN_CONSTANT_CONVERSION = YES;
				CLANG_WARN_DEPRECATED_OBJC_IMPLEMENTATIONS = YES;
				CLANG_WARN_DIRECT_OBJC_ISA_USAGE = YES_ERROR;
				CLANG_WARN_DOCUMENTATION_COMMENTS = YES;
				CLANG_WARN_EMPTY_BODY = YES;
				CLANG_WARN_ENUM_CONVERSION = YES;
				CLANG_WARN_INFINITE_RECURSION = YES;
				CLANG_WARN_INT_CONVERSION = YES;
				CLANG_WARN_NON_LITERAL_NULL_CONVERSION = YES;
				CLANG_WARN_OBJC_IMPLICIT_RETAIN_SELF = YES;
				CLANG_WARN_OBJC_LITERAL_CONVERSION = YES;
				CLANG_WARN_OBJC_ROOT_CLASS = YES_ERROR;
				CLANG_WARN_QUOTED_INCLUDE_IN_FRAMEWORK_HEADER = YES;
				CLANG_WARN_RANGE_LOOP_ANALYSIS = YES;
				CLANG_WARN_STRICT_PROTOTYPES = YES;
				CLANG_WARN_SUSPICIOUS_MOVE = YES;
				CLANG_WARN_UNGUARDED_AVAILABILITY = YES_AGGRESSIVE;
				CLANG_WARN_UNREACHABLE_CODE = YES;
				CLANG_WARN__DUPLICATE_METHOD_MATCH = YES;
				COPY_PHASE_STRIP = NO;
				DEBUG_INFORMATION_FORMAT = dwarf;
				ENABLE_STRICT_OBJC_MSGSEND = YES;
				ENABLE_TESTABILITY = YES;
				GCC_C_LANGUAGE_STANDARD = gnu11;
				GCC_DYNAMIC_NO_PIC = NO;
				GCC_NO_COMMON_BLOCKS = YES;
				GCC_OPTIMIZATION_LEVEL = 0;
				GCC_PREPROCESSOR_DEFINITIONS = (
					"DEBUG=1",
					"$(inherited)",
				);
				GCC_WARN_64_TO_32_BIT_CONVERSION = YES;
				GCC_WARN_ABOUT_RETURN_TYPE = YES_ERROR;
				GCC_WARN_UNDECLARED_SELECTOR = YES;
				GCC_WARN_UNINITIALIZED_AUTOS = YES_AGGRESSIVE;
				GCC_WARN_UNUSED_FUNCTION = YES;
				GCC_WARN_UNUSED_VARIABLE = YES;
				IPHONEOS_DEPLOYMENT_TARGET = 15.0;
				MTL_ENABLE_DEBUG_INFO = INCLUDE_SOURCE;
				MTL_FAST_MATH = YES;
				ONLY_ACTIVE_ARCH = YES;
				SDKROOT = iphoneos;
				SWIFT_ACTIVE_COMPILATION_CONDITIONS = DEBUG;
				SWIFT_OPTIMIZATION_LEVEL = "-Onone";
			};
			name = Debug;
		};
		DB6FDB04272EE35B001CDCF5 /* Release */ = {
			isa = XCBuildConfiguration;
			buildSettings = {
				ALWAYS_SEARCH_USER_PATHS = NO;
				CLANG_ANALYZER_NONNULL = YES;
				CLANG_ANALYZER_NUMBER_OBJECT_CONVERSION = YES_AGGRESSIVE;
				CLANG_CXX_LANGUAGE_STANDARD = "gnu++17";
				CLANG_CXX_LIBRARY = "libc++";
				CLANG_ENABLE_MODULES = YES;
				CLANG_ENABLE_OBJC_ARC = YES;
				CLANG_ENABLE_OBJC_WEAK = YES;
				CLANG_WARN_BLOCK_CAPTURE_AUTORELEASING = YES;
				CLANG_WARN_BOOL_CONVERSION = YES;
				CLANG_WARN_COMMA = YES;
				CLANG_WARN_CONSTANT_CONVERSION = YES;
				CLANG_WARN_DEPRECATED_OBJC_IMPLEMENTATIONS = YES;
				CLANG_WARN_DIRECT_OBJC_ISA_USAGE = YES_ERROR;
				CLANG_WARN_DOCUMENTATION_COMMENTS = YES;
				CLANG_WARN_EMPTY_BODY = YES;
				CLANG_WARN_ENUM_CONVERSION = YES;
				CLANG_WARN_INFINITE_RECURSION = YES;
				CLANG_WARN_INT_CONVERSION = YES;
				CLANG_WARN_NON_LITERAL_NULL_CONVERSION = YES;
				CLANG_WARN_OBJC_IMPLICIT_RETAIN_SELF = YES;
				CLANG_WARN_OBJC_LITERAL_CONVERSION = YES;
				CLANG_WARN_OBJC_ROOT_CLASS = YES_ERROR;
				CLANG_WARN_QUOTED_INCLUDE_IN_FRAMEWORK_HEADER = YES;
				CLANG_WARN_RANGE_LOOP_ANALYSIS = YES;
				CLANG_WARN_STRICT_PROTOTYPES = YES;
				CLANG_WARN_SUSPICIOUS_MOVE = YES;
				CLANG_WARN_UNGUARDED_AVAILABILITY = YES_AGGRESSIVE;
				CLANG_WARN_UNREACHABLE_CODE = YES;
				CLANG_WARN__DUPLICATE_METHOD_MATCH = YES;
				COPY_PHASE_STRIP = NO;
				DEBUG_INFORMATION_FORMAT = "dwarf-with-dsym";
				ENABLE_NS_ASSERTIONS = NO;
				ENABLE_STRICT_OBJC_MSGSEND = YES;
				GCC_C_LANGUAGE_STANDARD = gnu11;
				GCC_NO_COMMON_BLOCKS = YES;
				GCC_WARN_64_TO_32_BIT_CONVERSION = YES;
				GCC_WARN_ABOUT_RETURN_TYPE = YES_ERROR;
				GCC_WARN_UNDECLARED_SELECTOR = YES;
				GCC_WARN_UNINITIALIZED_AUTOS = YES_AGGRESSIVE;
				GCC_WARN_UNUSED_FUNCTION = YES;
				GCC_WARN_UNUSED_VARIABLE = YES;
				IPHONEOS_DEPLOYMENT_TARGET = 15.0;
				MTL_ENABLE_DEBUG_INFO = NO;
				MTL_FAST_MATH = YES;
				SDKROOT = iphoneos;
				SWIFT_COMPILATION_MODE = wholemodule;
				SWIFT_OPTIMIZATION_LEVEL = "-O";
				VALIDATE_PRODUCT = YES;
			};
			name = Release;
		};
		DB6FDB06272EE35B001CDCF5 /* Debug */ = {
			isa = XCBuildConfiguration;
			baseConfigurationReference = 5CD138F55D43754605E89EE7 /* Pods-Uconnection_Homework.debug.xcconfig */;
			buildSettings = {
				ASSETCATALOG_COMPILER_APPICON_NAME = AppIcon;
				ASSETCATALOG_COMPILER_GLOBAL_ACCENT_COLOR_NAME = AccentColor;
				CODE_SIGN_STYLE = Automatic;
				CURRENT_PROJECT_VERSION = 1;
				DEVELOPMENT_TEAM = 58P548H5HJ;
				GENERATE_INFOPLIST_FILE = YES;
				INFOPLIST_FILE = Uconnection_Homework/Info.plist;
				INFOPLIST_KEY_UIApplicationSupportsIndirectInputEvents = YES;
				INFOPLIST_KEY_UILaunchStoryboardName = LaunchScreen;
				INFOPLIST_KEY_UIMainStoryboardFile = User;
				INFOPLIST_KEY_UISupportedInterfaceOrientations_iPad = "UIInterfaceOrientationPortrait UIInterfaceOrientationPortraitUpsideDown UIInterfaceOrientationLandscapeLeft UIInterfaceOrientationLandscapeRight";
				INFOPLIST_KEY_UISupportedInterfaceOrientations_iPhone = "UIInterfaceOrientationPortrait UIInterfaceOrientationLandscapeLeft UIInterfaceOrientationLandscapeRight";
				LD_RUNPATH_SEARCH_PATHS = (
					"$(inherited)",
					"@executable_path/Frameworks",
				);
				MARKETING_VERSION = 1.0;
				PRODUCT_BUNDLE_IDENTIFIER = "jh.Uconnection-Homework";
				PRODUCT_NAME = "$(TARGET_NAME)";
				SWIFT_EMIT_LOC_STRINGS = YES;
				SWIFT_VERSION = 5.0;
				TARGETED_DEVICE_FAMILY = "1,2";
			};
			name = Debug;
		};
		DB6FDB07272EE35B001CDCF5 /* Release */ = {
			isa = XCBuildConfiguration;
			baseConfigurationReference = BB5C83E61FE69CFEA5721B63 /* Pods-Uconnection_Homework.release.xcconfig */;
			buildSettings = {
				ASSETCATALOG_COMPILER_APPICON_NAME = AppIcon;
				ASSETCATALOG_COMPILER_GLOBAL_ACCENT_COLOR_NAME = AccentColor;
				CODE_SIGN_STYLE = Automatic;
				CURRENT_PROJECT_VERSION = 1;
				DEVELOPMENT_TEAM = 58P548H5HJ;
				GENERATE_INFOPLIST_FILE = YES;
				INFOPLIST_FILE = Uconnection_Homework/Info.plist;
				INFOPLIST_KEY_UIApplicationSupportsIndirectInputEvents = YES;
				INFOPLIST_KEY_UILaunchStoryboardName = LaunchScreen;
				INFOPLIST_KEY_UIMainStoryboardFile = User;
				INFOPLIST_KEY_UISupportedInterfaceOrientations_iPad = "UIInterfaceOrientationPortrait UIInterfaceOrientationPortraitUpsideDown UIInterfaceOrientationLandscapeLeft UIInterfaceOrientationLandscapeRight";
				INFOPLIST_KEY_UISupportedInterfaceOrientations_iPhone = "UIInterfaceOrientationPortrait UIInterfaceOrientationLandscapeLeft UIInterfaceOrientationLandscapeRight";
				LD_RUNPATH_SEARCH_PATHS = (
					"$(inherited)",
					"@executable_path/Frameworks",
				);
				MARKETING_VERSION = 1.0;
				PRODUCT_BUNDLE_IDENTIFIER = "jh.Uconnection-Homework";
				PRODUCT_NAME = "$(TARGET_NAME)";
				SWIFT_EMIT_LOC_STRINGS = YES;
				SWIFT_VERSION = 5.0;
				TARGETED_DEVICE_FAMILY = "1,2";
			};
			name = Release;
		};
/* End XCBuildConfiguration section */

/* Begin XCConfigurationList section */
		DB6FDAEC272EE353001CDCF5 /* Build configuration list for PBXProject "Uconnection_Homework" */ = {
			isa = XCConfigurationList;
			buildConfigurations = (
				DB6FDB03272EE35B001CDCF5 /* Debug */,
				DB6FDB04272EE35B001CDCF5 /* Release */,
			);
			defaultConfigurationIsVisible = 0;
			defaultConfigurationName = Release;
		};
		DB6FDB05272EE35B001CDCF5 /* Build configuration list for PBXNativeTarget "Uconnection_Homework" */ = {
			isa = XCConfigurationList;
			buildConfigurations = (
				DB6FDB06272EE35B001CDCF5 /* Debug */,
				DB6FDB07272EE35B001CDCF5 /* Release */,
			);
			defaultConfigurationIsVisible = 0;
			defaultConfigurationName = Release;
		};
/* End XCConfigurationList section */
	};
	rootObject = DB6FDAE9272EE353001CDCF5 /* Project object */;
}
